// !$*UTF8*$!
{
	archiveVersion = 1;
	classes = {
	};
	objectVersion = 46;
	objects = {

/* Begin PBXBuildFile section */
		94EDF9631F1E46F100C9784A /* AppDelegate.swift in Sources */ = {isa = PBXBuildFile; fileRef = 94EDF9621F1E46F100C9784A /* AppDelegate.swift */; };
		94EDF9651F1E46F100C9784A /* ViewController.swift in Sources */ = {isa = PBXBuildFile; fileRef = 94EDF9641F1E46F100C9784A /* ViewController.swift */; };
		94EDF9681F1E46F100C9784A /* Main.storyboard in Resources */ = {isa = PBXBuildFile; fileRef = 94EDF9661F1E46F100C9784A /* Main.storyboard */; };
		94EDF96A1F1E46F100C9784A /* Assets.xcassets in Resources */ = {isa = PBXBuildFile; fileRef = 94EDF9691F1E46F100C9784A /* Assets.xcassets */; };
		94EDF96D1F1E46F100C9784A /* LaunchScreen.storyboard in Resources */ = {isa = PBXBuildFile; fileRef = 94EDF96B1F1E46F100C9784A /* LaunchScreen.storyboard */; };
		94EDF9751F1E4E8E00C9784A /* Flashcards.swift in Sources */ = {isa = PBXBuildFile; fileRef = 94EDF9741F1E4E8E00C9784A /* Flashcards.swift */; };
/* End PBXBuildFile section */

/* Begin PBXFileReference section */
		94EDF95F1F1E46F100C9784A /* stateCapitalsQuiz.app */ = {isa = PBXFileReference; explicitFileType = wrapper.application; includeInIndex = 0; path = stateCapitalsQuiz.app; sourceTree = BUILT_PRODUCTS_DIR; };
		94EDF9621F1E46F100C9784A /* AppDelegate.swift */ = {isa = PBXFileReference; lastKnownFileType = sourcecode.swift; path = AppDelegate.swift; sourceTree = "<group>"; };
		94EDF9641F1E46F100C9784A /* ViewController.swift */ = {isa = PBXFileReference; lastKnownFileType = sourcecode.swift; path = ViewController.swift; sourceTree = "<group>"; };
		94EDF9671F1E46F100C9784A /* Base */ = {isa = PBXFileReference; lastKnownFileType = file.storyboard; name = Base; path = Base.lproj/Main.storyboard; sourceTree = "<group>"; };
		94EDF9691F1E46F100C9784A /* Assets.xcassets */ = {isa = PBXFileReference; lastKnownFileType = folder.assetcatalog; path = Assets.xcassets; sourceTree = "<group>"; };
		94EDF96C1F1E46F100C9784A /* Base */ = {isa = PBXFileReference; lastKnownFileType = file.storyboard; name = Base; path = Base.lproj/LaunchScreen.storyboard; sourceTree = "<group>"; };
		94EDF96E1F1E46F100C9784A /* Info.plist */ = {isa = PBXFileReference; lastKnownFileType = text.plist.xml; path = Info.plist; sourceTree = "<group>"; };
		94EDF9741F1E4E8E00C9784A /* Flashcards.swift */ = {isa = PBXFileReference; fileEncoding = 4; lastKnownFileType = sourcecode.swift; path = Flashcards.swift; sourceTree = "<group>"; };
/* End PBXFileReference section */

/* Begin PBXFrameworksBuildPhase section */
		94EDF95C1F1E46F100C9784A /* Frameworks */ = {
			isa = PBXFrameworksBuildPhase;
			buildActionMask = 2147483647;
			files = (
			);
			runOnlyForDeploymentPostprocessing = 0;
		};
/* End PBXFrameworksBuildPhase section */

/* Begin PBXGroup section */
		94EDF9561F1E46F100C9784A = {
			isa = PBXGroup;
			children = (
				94EDF9611F1E46F100C9784A /* stateCapitalsQuiz */,
				94EDF9601F1E46F100C9784A /* Products */,
			);
			sourceTree = "<group>";
		};
		94EDF9601F1E46F100C9784A /* Products */ = {
			isa = PBXGroup;
			children = (
				94EDF95F1F1E46F100C9784A /* stateCapitalsQuiz.app */,
			);
			name = Products;
			sourceTree = "<group>";
		};
		94EDF9611F1E46F100C9784A /* stateCapitalsQuiz */ = {
			isa = PBXGroup;
			children = (
				94EDF9621F1E46F100C9784A /* AppDelegate.swift */,
				94EDF9641F1E46F100C9784A /* ViewController.swift */,
				94EDF9661F1E46F100C9784A /* Main.storyboard */,
				94EDF9741F1E4E8E00C9784A /* Flashcards.swift */,
				94EDF9691F1E46F100C9784A /* Assets.xcassets */,
				94EDF96B1F1E46F100C9784A /* LaunchScreen.storyboard */,
				94EDF96E1F1E46F100C9784A /* Info.plist */,
			);
			path = stateCapitalsQuiz;
			sourceTree = "<group>";
		};
/* End PBXGroup section */

/* Begin PBXNativeTarget section */
		94EDF95E1F1E46F100C9784A /* stateCapitalsQuiz */ = {
			isa = PBXNativeTarget;
			buildConfigurationList = 94EDF9711F1E46F100C9784A /* Build configuration list for PBXNativeTarget "stateCapitalsQuiz" */;
			buildPhases = (
				94EDF95B1F1E46F100C9784A /* Sources */,
				94EDF95C1F1E46F100C9784A /* Frameworks */,
				94EDF95D1F1E46F100C9784A /* Resources */,
			);
			buildRules = (
			);
			dependencies = (
			);
			name = stateCapitalsQuiz;
			productName = stateCapitalsQuiz;
			productReference = 94EDF95F1F1E46F100C9784A /* stateCapitalsQuiz.app */;
			productType = "com.apple.product-type.application";
		};
/* End PBXNativeTarget section */

/* Begin PBXProject section */
		94EDF9571F1E46F100C9784A /* Project object */ = {
			isa = PBXProject;
			attributes = {
				LastSwiftUpdateCheck = 0830;
				LastUpgradeCheck = 0830;
				ORGANIZATIONNAME = "iD Tech";
				TargetAttributes = {
					94EDF95E1F1E46F100C9784A = {
						CreatedOnToolsVersion = 8.3.1;
						DevelopmentTeam = 4PRU5G4MBV;
						ProvisioningStyle = Automatic;
					};
				};
			};
			buildConfigurationList = 94EDF95A1F1E46F100C9784A /* Build configuration list for PBXProject "stateCapitalsQuiz" */;
			compatibilityVersion = "Xcode 3.2";
			developmentRegion = English;
			hasScannedForEncodings = 0;
			knownRegions = (
				en,
				Base,
			);
			mainGroup = 94EDF9561F1E46F100C9784A;
			productRefGroup = 94EDF9601F1E46F100C9784A /* Products */;
			projectDirPath = "";
			projectRoot = "";
			targets = (
				94EDF95E1F1E46F100C9784A /* stateCapitalsQuiz */,
			);
		};
/* End PBXProject section */

/* Begin PBXResourcesBuildPhase section */
		94EDF95D1F1E46F100C9784A /* Resources */ = {
			isa = PBXResourcesBuildPhase;
			buildActionMask = 2147483647;
			files = (
				94EDF96D1F1E46F100C9784A /* LaunchScreen.storyboard in Resources */,
				94EDF96A1F1E46F100C9784A /* Assets.xcassets in Resources */,
				94EDF9681F1E46F100C9784A /* Main.storyboard in Resources */,
			);
			runOnlyForDeploymentPostprocessing = 0;
		};
/* End PBXResourcesBuildPhase section */

/* Begin PBXSourcesBuildPhase section */
		94EDF95B1F1E46F100C9784A /* Sources */ = {
			isa = PBXSourcesBuildPhase;
			buildActionMask = 2147483647;
			files = (
				94EDF9751F1E4E8E00C9784A /* Flashcards.swift in Sources */,
				94EDF9651F1E46F100C9784A /* ViewController.swift in Sources */,
				94EDF9631F1E46F100C9784A /* AppDelegate.swift in Sources */,
			);
			runOnlyForDeploymentPostprocessing = 0;
		};
/* End PBXSourcesBuildPhase section */

/* Begin PBXVariantGroup section */
		94EDF9661F1E46F100C9784A /* Main.storyboard */ = {
			isa = PBXVariantGroup;
			children = (
				94EDF9671F1E46F100C9784A /* Base */,
			);
			name = Main.storyboard;
			sourceTree = "<group>";
		};
		94EDF96B1F1E46F100C9784A /* LaunchScreen.storyboard */ = {
			isa = PBXVariantGroup;
			children = (
				94EDF96C1F1E46F100C9784A /* Base */,
			);
			name = LaunchScreen.storyboard;
			sourceTree = "<group>";
		};
/* End PBXVariantGroup section */

/* Begin XCBuildConfiguration section */
		94EDF96F1F1E46F100C9784A /* Debug */ = {
			isa = XCBuildConfiguration;
			buildSettings = {
				ALWAYS_SEARCH_USER_PATHS = NO;
				CLANG_ANALYZER_NONNULL = YES;
				CLANG_ANALYZER_NUMBER_OBJECT_CONVERSION = YES_AGGRESSIVE;
				CLANG_CXX_LANGUAGE_STANDARD = "gnu++0x";
				CLANG_CXX_LIBRARY = "libc++";
				CLANG_ENABLE_MODULES = YES;
				CLANG_ENABLE_OBJC_ARC = YES;
				CLANG_WARN_BOOL_CONVERSION = YES;
				CLANG_WARN_CONSTANT_CONVERSION = YES;
				CLANG_WARN_DIRECT_OBJC_ISA_USAGE = YES_ERROR;
				CLANG_WARN_DOCUMENTATION_COMMENTS = YES;
				CLANG_WARN_EMPTY_BODY = YES;
				CLANG_WARN_ENUM_CONVERSION = YES;
				CLANG_WARN_INFINITE_RECURSION = YES;
				CLANG_WARN_INT_CONVERSION = YES;
				CLANG_WARN_OBJC_ROOT_CLASS = YES_ERROR;
				CLANG_WARN_SUSPICIOUS_MOVE = YES;
				CLANG_WARN_UNREACHABLE_CODE = YES;
				CLANG_WARN__DUPLICATE_METHOD_MATCH = YES;
				"CODE_SIGN_IDENTITY[sdk=iphoneos*]" = "iPhone Developer";
				COPY_PHASE_STRIP = NO;
				DEBUG_INFORMATION_FORMAT = dwarf;
				ENABLE_STRICT_OBJC_MSGSEND = YES;
				ENABLE_TESTABILITY = YES;
				GCC_C_LANGUAGE_STANDARD = gnu99;
				GCC_DYNAMIC_NO_PIC = NO;
				GCC_NO_COMMON_BLOCKS = YES;
				GCC_OPTIMIZATION_LEVEL = 0;
				GCC_PREPROCESSOR_DEFINITIONS = (
					"DEBUG=1",
					"$(inherited)",
				);
				GCC_WARN_64_TO_32_BIT_CONVERSION = YES;
				GCC_WARN_ABOUT_RETURN_TYPE = YES_ERROR;
				GCC_WARN_UNDECLARED_SELECTOR = YES;
				GCC_WARN_UNINITIALIZED_AUTOS = YES_AGGRESSIVE;
				GCC_WARN_UNUSED_FUNCTION = YES;
				GCC_WARN_UNUSED_VARIABLE = YES;
				IPHONEOS_DEPLOYMENT_TARGET = 10.3;
				MTL_ENABLE_DEBUG_INFO = YES;
				ONLY_ACTIVE_ARCH = YES;
				SDKROOT = iphoneos;
				SWIFT_ACTIVE_COMPILATION_CONDITIONS = DEBUG;
				SWIFT_OPTIMIZATION_LEVEL = "-Onone";
				TARGETED_DEVICE_FAMILY = "1,2";
			};
			name = Debug;
		};
		94EDF9701F1E46F100C9784A /* Release */ = {
			isa = XCBuildConfiguration;
			buildSettings = {
				ALWAYS_SEARCH_USER_PATHS = NO;
				CLANG_ANALYZER_NONNULL = YES;
				CLANG_ANALYZER_NUMBER_OBJECT_CONVERSION = YES_AGGRESSIVE;
				CLANG_CXX_LANGUAGE_STANDARD = "gnu++0x";
				CLANG_CXX_LIBRARY = "libc++";
				CLANG_ENABLE_MODULES = YES;
				CLANG_ENABLE_OBJC_ARC = YES;
				CLANG_WARN_BOOL_CONVERSION = YES;
				CLANG_WARN_CONSTANT_CONVERSION = YES;
				CLANG_WARN_DIRECT_OBJC_ISA_USAGE = YES_ERROR;
				CLANG_WARN_DOCUMENTATION_COMMENTS = YES;
				CLANG_WARN_EMPTY_BODY = YES;
				CLANG_WARN_ENUM_CONVERSION = YES;
				CLANG_WARN_INFINITE_RECURSION = YES;
				CLANG_WARN_INT_CONVERSION = YES;
				CLANG_WARN_OBJC_ROOT_CLASS = YES_ERROR;
				CLANG_WARN_SUSPICIOUS_MOVE = YES;
				CLANG_WARN_UNREACHABLE_CODE = YES;
				CLANG_WARN__DUPLICATE_METHOD_MATCH = YES;
				"CODE_SIGN_IDENTITY[sdk=iphoneos*]" = "iPhone Developer";
				COPY_PHASE_STRIP = NO;
				DEBUG_INFORMATION_FORMAT = "dwarf-with-dsym";
				ENABLE_NS_ASSERTIONS = NO;
				ENABLE_STRICT_OBJC_MSGSEND = YES;
				GCC_C_LANGUAGE_STANDARD = gnu99;
				GCC_NO_COMMON_BLOCKS = YES;
				GCC_WARN_64_TO_32_BIT_CONVERSION = YES;
				GCC_WARN_ABOUT_RETURN_TYPE = YES_ERROR;
				GCC_WARN_UNDECLARED_SELECTOR = YES;
				GCC_WARN_UNINITIALIZED_AUTOS = YES_AGGRESSIVE;
				GCC_WARN_UNUSED_FUNCTION = YES;
				GCC_WARN_UNUSED_VARIABLE = YES;
				IPHONEOS_DEPLOYMENT_TARGET = 10.3;
				MTL_ENABLE_DEBUG_INFO = NO;
				SDKROOT = iphoneos;
				SWIFT_OPTIMIZATION_LEVEL = "-Owholemodule";
				TARGETED_DEVICE_FAMILY = "1,2";
				VALIDATE_PRODUCT = YES;
			};
			name = Release;
		};
		94EDF9721F1E46F100C9784A /* Debug */ = {
			isa = XCBuildConfiguration;
			buildSettings = {
				ASSETCATALOG_COMPILER_APPICON_NAME = AppIcon;
				DEVELOPMENT_TEAM = 4PRU5G4MBV;
				INFOPLIST_FILE = stateCapitalsQuiz/Info.plist;
				LD_RUNPATH_SEARCH_PATHS = "$(inherited) @executable_path/Frameworks";
				PRODUCT_BUNDLE_IDENTIFIER = com.iDTech.Samantha.stateCapitalsQuiz;
				PRODUCT_NAME = "$(TARGET_NAME)";
				SWIFT_VERSION = 3.0;
			};
			name = Debug;
		};
		94EDF9731F1E46F100C9784A /* Release */ = {
			isa = XCBuildConfiguration;
			buildSettings = {
				ASSETCATALOG_COMPILER_APPICON_NAME = AppIcon;
				DEVELOPMENT_TEAM = 4PRU5G4MBV;
				INFOPLIST_FILE = stateCapitalsQuiz/Info.plist;
				LD_RUNPATH_SEARCH_PATHS = "$(inherited) @executable_path/Frameworks";
				PRODUCT_BUNDLE_IDENTIFIER = com.iDTech.Samantha.stateCapitalsQuiz;
				PRODUCT_NAME = "$(TARGET_NAME)";
				SWIFT_VERSION = 3.0;
			};
			name = Release;
		};
/* End XCBuildConfiguration section */

/* Begin XCConfigurationList section */
		94EDF95A1F1E46F100C9784A /* Build configuration list for PBXProject "stateCapitalsQuiz" */ = {
			isa = XCConfigurationList;
			buildConfigurations = (
				94EDF96F1F1E46F100C9784A /* Debug */,
				94EDF9701F1E46F100C9784A /* Release */,
			);
			defaultConfigurationIsVisible = 0;
			defaultConfigurationName = Release;
		};
		94EDF9711F1E46F100C9784A /* Build configuration list for PBXNativeTarget "stateCapitalsQuiz" */ = {
			isa = XCConfigurationList;
			buildConfigurations = (
				94EDF9721F1E46F100C9784A /* Debug */,
				94EDF9731F1E46F100C9784A /* Release */,
			);
			defaultConfigurationIsVisible = 0;
			defaultConfigurationName = Release;
		};
/* End XCConfigurationList section */
	};
	rootObject = 94EDF9571F1E46F100C9784A /* Project object */;
}
